// !$*UTF8*$!
{
	archiveVersion = 1;
	classes = {
	};
	objectVersion = 55;
	objects = {

/* Begin PBXBuildFile section */
		E89AF38B299774EB00508DC2 /* AppDelegate.swift in Sources */ = {isa = PBXBuildFile; fileRef = E89AF38A299774EB00508DC2 /* AppDelegate.swift */; };
		E89AF38D299774EB00508DC2 /* SceneDelegate.swift in Sources */ = {isa = PBXBuildFile; fileRef = E89AF38C299774EB00508DC2 /* SceneDelegate.swift */; };
		E89AF38F299774EB00508DC2 /* StartViewController.swift in Sources */ = {isa = PBXBuildFile; fileRef = E89AF38E299774EB00508DC2 /* StartViewController.swift */; };
		E89AF394299774ED00508DC2 /* Assets.xcassets in Resources */ = {isa = PBXBuildFile; fileRef = E89AF393299774ED00508DC2 /* Assets.xcassets */; };
		E89AF397299774ED00508DC2 /* LaunchScreen.storyboard in Resources */ = {isa = PBXBuildFile; fileRef = E89AF395299774ED00508DC2 /* LaunchScreen.storyboard */; };
		E89AF3A1299777C800508DC2 /* ModuleBuilder.swift in Sources */ = {isa = PBXBuildFile; fileRef = E89AF3A0299777C800508DC2 /* ModuleBuilder.swift */; };
		E89AF3A729977CBC00508DC2 /* StartViewPresenter.swift in Sources */ = {isa = PBXBuildFile; fileRef = E89AF3A629977CBC00508DC2 /* StartViewPresenter.swift */; };
		E89AF3A929977F1E00508DC2 /* Factory.swift in Sources */ = {isa = PBXBuildFile; fileRef = E89AF3A829977F1E00508DC2 /* Factory.swift */; };
		E89AF3B129978E1A00508DC2 /* GuessNumberViewController.swift in Sources */ = {isa = PBXBuildFile; fileRef = E89AF3B029978E1A00508DC2 /* GuessNumberViewController.swift */; };
		E89AF3B429978E3000508DC2 /* GuessNumberViewPresenter.swift in Sources */ = {isa = PBXBuildFile; fileRef = E89AF3B329978E3000508DC2 /* GuessNumberViewPresenter.swift */; };
		E89AF3B72997A8EF00508DC2 /* GameController.swift in Sources */ = {isa = PBXBuildFile; fileRef = E89AF3B62997A8EF00508DC2 /* GameController.swift */; };
		E89AF3BA2997AB8C00508DC2 /* ComputerViewController.swift in Sources */ = {isa = PBXBuildFile; fileRef = E89AF3B92997AB8C00508DC2 /* ComputerViewController.swift */; };
		E89AF3BC2997AB9C00508DC2 /* ComputerViewPresenter.swift in Sources */ = {isa = PBXBuildFile; fileRef = E89AF3BB2997AB9C00508DC2 /* ComputerViewPresenter.swift */; };
		E89AF3BF2997D95900508DC2 /* PlayerViewController.swift in Sources */ = {isa = PBXBuildFile; fileRef = E89AF3BE2997D95900508DC2 /* PlayerViewController.swift */; };
		E89AF3C12997D96700508DC2 /* PlayerViewPresenter.swift in Sources */ = {isa = PBXBuildFile; fileRef = E89AF3C02997D96700508DC2 /* PlayerViewPresenter.swift */; };
		E89AF3C42997EC0200508DC2 /* ResultViewController.swift in Sources */ = {isa = PBXBuildFile; fileRef = E89AF3C32997EC0200508DC2 /* ResultViewController.swift */; };
		E89AF3C62997EC1400508DC2 /* ResultViewPresenter.swift in Sources */ = {isa = PBXBuildFile; fileRef = E89AF3C52997EC1400508DC2 /* ResultViewPresenter.swift */; };
/* End PBXBuildFile section */

/* Begin PBXFileReference section */
		E89AF387299774EB00508DC2 /* Game.app */ = {isa = PBXFileReference; explicitFileType = wrapper.application; includeInIndex = 0; path = Game.app; sourceTree = BUILT_PRODUCTS_DIR; };
		E89AF38A299774EB00508DC2 /* AppDelegate.swift */ = {isa = PBXFileReference; lastKnownFileType = sourcecode.swift; path = AppDelegate.swift; sourceTree = "<group>"; };
		E89AF38C299774EB00508DC2 /* SceneDelegate.swift */ = {isa = PBXFileReference; lastKnownFileType = sourcecode.swift; path = SceneDelegate.swift; sourceTree = "<group>"; };
		E89AF38E299774EB00508DC2 /* StartViewController.swift */ = {isa = PBXFileReference; lastKnownFileType = sourcecode.swift; path = StartViewController.swift; sourceTree = "<group>"; };
		E89AF393299774ED00508DC2 /* Assets.xcassets */ = {isa = PBXFileReference; lastKnownFileType = folder.assetcatalog; path = Assets.xcassets; sourceTree = "<group>"; };
		E89AF396299774ED00508DC2 /* Base */ = {isa = PBXFileReference; lastKnownFileType = file.storyboard; name = Base; path = Base.lproj/LaunchScreen.storyboard; sourceTree = "<group>"; };
		E89AF398299774ED00508DC2 /* Info.plist */ = {isa = PBXFileReference; lastKnownFileType = text.plist.xml; path = Info.plist; sourceTree = "<group>"; };
		E89AF3A0299777C800508DC2 /* ModuleBuilder.swift */ = {isa = PBXFileReference; lastKnownFileType = sourcecode.swift; path = ModuleBuilder.swift; sourceTree = "<group>"; };
		E89AF3A629977CBC00508DC2 /* StartViewPresenter.swift */ = {isa = PBXFileReference; lastKnownFileType = sourcecode.swift; path = StartViewPresenter.swift; sourceTree = "<group>"; };
		E89AF3A829977F1E00508DC2 /* Factory.swift */ = {isa = PBXFileReference; lastKnownFileType = sourcecode.swift; path = Factory.swift; sourceTree = "<group>"; };
		E89AF3B029978E1A00508DC2 /* GuessNumberViewController.swift */ = {isa = PBXFileReference; lastKnownFileType = sourcecode.swift; path = GuessNumberViewController.swift; sourceTree = "<group>"; };
		E89AF3B329978E3000508DC2 /* GuessNumberViewPresenter.swift */ = {isa = PBXFileReference; lastKnownFileType = sourcecode.swift; path = GuessNumberViewPresenter.swift; sourceTree = "<group>"; };
		E89AF3B62997A8EF00508DC2 /* GameController.swift */ = {isa = PBXFileReference; lastKnownFileType = sourcecode.swift; path = GameController.swift; sourceTree = "<group>"; };
		E89AF3B92997AB8C00508DC2 /* ComputerViewController.swift */ = {isa = PBXFileReference; lastKnownFileType = sourcecode.swift; path = ComputerViewController.swift; sourceTree = "<group>"; };
		E89AF3BB2997AB9C00508DC2 /* ComputerViewPresenter.swift */ = {isa = PBXFileReference; lastKnownFileType = sourcecode.swift; path = ComputerViewPresenter.swift; sourceTree = "<group>"; };
		E89AF3BE2997D95900508DC2 /* PlayerViewController.swift */ = {isa = PBXFileReference; lastKnownFileType = sourcecode.swift; path = PlayerViewController.swift; sourceTree = "<group>"; };
		E89AF3C02997D96700508DC2 /* PlayerViewPresenter.swift */ = {isa = PBXFileReference; lastKnownFileType = sourcecode.swift; path = PlayerViewPresenter.swift; sourceTree = "<group>"; };
		E89AF3C32997EC0200508DC2 /* ResultViewController.swift */ = {isa = PBXFileReference; lastKnownFileType = sourcecode.swift; path = ResultViewController.swift; sourceTree = "<group>"; };
		E89AF3C52997EC1400508DC2 /* ResultViewPresenter.swift */ = {isa = PBXFileReference; lastKnownFileType = sourcecode.swift; path = ResultViewPresenter.swift; sourceTree = "<group>"; };
/* End PBXFileReference section */

/* Begin PBXFrameworksBuildPhase section */
		E89AF384299774EB00508DC2 /* Frameworks */ = {
			isa = PBXFrameworksBuildPhase;
			buildActionMask = 2147483647;
			files = (
			);
			runOnlyForDeploymentPostprocessing = 0;
		};
/* End PBXFrameworksBuildPhase section */

/* Begin PBXGroup section */
		E89AF37E299774EB00508DC2 = {
			isa = PBXGroup;
			children = (
				E89AF389299774EB00508DC2 /* Game */,
				E89AF388299774EB00508DC2 /* Products */,
			);
			sourceTree = "<group>";
		};
		E89AF388299774EB00508DC2 /* Products */ = {
			isa = PBXGroup;
			children = (
				E89AF387299774EB00508DC2 /* Game.app */,
			);
			name = Products;
			sourceTree = "<group>";
		};
		E89AF389299774EB00508DC2 /* Game */ = {
			isa = PBXGroup;
			children = (
				E89AF3A32997795400508DC2 /* Application */,
				E89AF3B52997A8C800508DC2 /* GameModule */,
				E89AF3A429977B4F00508DC2 /* PresentationLayer */,
			);
			path = Game;
			sourceTree = "<group>";
		};
		E89AF3A32997795400508DC2 /* Application */ = {
			isa = PBXGroup;
			children = (
				E89AF38A299774EB00508DC2 /* AppDelegate.swift */,
				E89AF38C299774EB00508DC2 /* SceneDelegate.swift */,
				E89AF393299774ED00508DC2 /* Assets.xcassets */,
				E89AF398299774ED00508DC2 /* Info.plist */,
				E89AF395299774ED00508DC2 /* LaunchScreen.storyboard */,
			);
			path = Application;
			sourceTree = "<group>";
		};
		E89AF3A429977B4F00508DC2 /* PresentationLayer */ = {
			isa = PBXGroup;
			children = (
				E89AF3A0299777C800508DC2 /* ModuleBuilder.swift */,
				E89AF3A829977F1E00508DC2 /* Factory.swift */,
				E89AF3A529977C8C00508DC2 /* StartModule */,
				E89AF3AF29978DC200508DC2 /* GuessNumberModule */,
				E89AF3B82997AB5200508DC2 /* ComputerModule */,
				E89AF3BD2997D94400508DC2 /* PlayerModule */,
				E89AF3C22997EBD100508DC2 /* ResultModule */,
			);
			path = PresentationLayer;
			sourceTree = "<group>";
		};
		E89AF3A529977C8C00508DC2 /* StartModule */ = {
			isa = PBXGroup;
			children = (
				E89AF38E299774EB00508DC2 /* StartViewController.swift */,
				E89AF3A629977CBC00508DC2 /* StartViewPresenter.swift */,
			);
			path = StartModule;
			sourceTree = "<group>";
		};
		E89AF3AF29978DC200508DC2 /* GuessNumberModule */ = {
			isa = PBXGroup;
			children = (
				E89AF3B029978E1A00508DC2 /* GuessNumberViewController.swift */,
				E89AF3B329978E3000508DC2 /* GuessNumberViewPresenter.swift */,
			);
			path = GuessNumberModule;
			sourceTree = "<group>";
		};
		E89AF3B52997A8C800508DC2 /* GameModule */ = {
			isa = PBXGroup;
			children = (
				E89AF3B62997A8EF00508DC2 /* GameController.swift */,
			);
			path = GameModule;
			sourceTree = "<group>";
		};
		E89AF3B82997AB5200508DC2 /* ComputerModule */ = {
			isa = PBXGroup;
			children = (
				E89AF3B92997AB8C00508DC2 /* ComputerViewController.swift */,
				E89AF3BB2997AB9C00508DC2 /* ComputerViewPresenter.swift */,
			);
			path = ComputerModule;
			sourceTree = "<group>";
		};
		E89AF3BD2997D94400508DC2 /* PlayerModule */ = {
			isa = PBXGroup;
			children = (
				E89AF3BE2997D95900508DC2 /* PlayerViewController.swift */,
				E89AF3C02997D96700508DC2 /* PlayerViewPresenter.swift */,
			);
			path = PlayerModule;
			sourceTree = "<group>";
		};
		E89AF3C22997EBD100508DC2 /* ResultModule */ = {
			isa = PBXGroup;
			children = (
				E89AF3C32997EC0200508DC2 /* ResultViewController.swift */,
				E89AF3C52997EC1400508DC2 /* ResultViewPresenter.swift */,
			);
			path = ResultModule;
			sourceTree = "<group>";
		};
/* End PBXGroup section */

/* Begin PBXNativeTarget section */
		E89AF386299774EB00508DC2 /* Game */ = {
			isa = PBXNativeTarget;
			buildConfigurationList = E89AF39B299774ED00508DC2 /* Build configuration list for PBXNativeTarget "Game" */;
			buildPhases = (
				E89AF383299774EB00508DC2 /* Sources */,
				E89AF384299774EB00508DC2 /* Frameworks */,
				E89AF385299774EB00508DC2 /* Resources */,
			);
			buildRules = (
			);
			dependencies = (
			);
			name = Game;
			productName = Game;
			productReference = E89AF387299774EB00508DC2 /* Game.app */;
			productType = "com.apple.product-type.application";
		};
/* End PBXNativeTarget section */

/* Begin PBXProject section */
		E89AF37F299774EB00508DC2 /* Project object */ = {
			isa = PBXProject;
			attributes = {
				BuildIndependentTargetsInParallel = 1;
				LastSwiftUpdateCheck = 1330;
				LastUpgradeCheck = 1330;
				TargetAttributes = {
					E89AF386299774EB00508DC2 = {
						CreatedOnToolsVersion = 13.3;
					};
				};
			};
			buildConfigurationList = E89AF382299774EB00508DC2 /* Build configuration list for PBXProject "Game" */;
			compatibilityVersion = "Xcode 13.0";
			developmentRegion = en;
			hasScannedForEncodings = 0;
			knownRegions = (
				en,
				Base,
			);
			mainGroup = E89AF37E299774EB00508DC2;
			productRefGroup = E89AF388299774EB00508DC2 /* Products */;
			projectDirPath = "";
			projectRoot = "";
			targets = (
				E89AF386299774EB00508DC2 /* Game */,
			);
		};
/* End PBXProject section */

/* Begin PBXResourcesBuildPhase section */
		E89AF385299774EB00508DC2 /* Resources */ = {
			isa = PBXResourcesBuildPhase;
			buildActionMask = 2147483647;
			files = (
				E89AF397299774ED00508DC2 /* LaunchScreen.storyboard in Resources */,
				E89AF394299774ED00508DC2 /* Assets.xcassets in Resources */,
			);
			runOnlyForDeploymentPostprocessing = 0;
		};
/* End PBXResourcesBuildPhase section */

/* Begin PBXSourcesBuildPhase section */
		E89AF383299774EB00508DC2 /* Sources */ = {
			isa = PBXSourcesBuildPhase;
			buildActionMask = 2147483647;
			files = (
				E89AF3BC2997AB9C00508DC2 /* ComputerViewPresenter.swift in Sources */,
				E89AF3A729977CBC00508DC2 /* StartViewPresenter.swift in Sources */,
				E89AF3B72997A8EF00508DC2 /* GameController.swift in Sources */,
				E89AF3B129978E1A00508DC2 /* GuessNumberViewController.swift in Sources */,
				E89AF3C12997D96700508DC2 /* PlayerViewPresenter.swift in Sources */,
				E89AF3B429978E3000508DC2 /* GuessNumberViewPresenter.swift in Sources */,
				E89AF38F299774EB00508DC2 /* StartViewController.swift in Sources */,
				E89AF3A929977F1E00508DC2 /* Factory.swift in Sources */,
				E89AF3BF2997D95900508DC2 /* PlayerViewController.swift in Sources */,
				E89AF3C42997EC0200508DC2 /* ResultViewController.swift in Sources */,
				E89AF3BA2997AB8C00508DC2 /* ComputerViewController.swift in Sources */,
				E89AF38B299774EB00508DC2 /* AppDelegate.swift in Sources */,
				E89AF3A1299777C800508DC2 /* ModuleBuilder.swift in Sources */,
				E89AF38D299774EB00508DC2 /* SceneDelegate.swift in Sources */,
				E89AF3C62997EC1400508DC2 /* ResultViewPresenter.swift in Sources */,
			);
			runOnlyForDeploymentPostprocessing = 0;
		};
/* End PBXSourcesBuildPhase section */

/* Begin PBXVariantGroup section */
		E89AF395299774ED00508DC2 /* LaunchScreen.storyboard */ = {
			isa = PBXVariantGroup;
			children = (
				E89AF396299774ED00508DC2 /* Base */,
			);
			name = LaunchScreen.storyboard;
			sourceTree = "<group>";
		};
/* End PBXVariantGroup section */

/* Begin XCBuildConfiguration section */
		E89AF399299774ED00508DC2 /* Debug */ = {
			isa = XCBuildConfiguration;
			buildSettings = {
				ALWAYS_SEARCH_USER_PATHS = NO;
				CLANG_ANALYZER_NONNULL = YES;
				CLANG_ANALYZER_NUMBER_OBJECT_CONVERSION = YES_AGGRESSIVE;
				CLANG_CXX_LANGUAGE_STANDARD = "gnu++17";
				CLANG_ENABLE_MODULES = YES;
				CLANG_ENABLE_OBJC_ARC = YES;
				CLANG_ENABLE_OBJC_WEAK = YES;
				CLANG_WARN_BLOCK_CAPTURE_AUTORELEASING = YES;
				CLANG_WARN_BOOL_CONVERSION = YES;
				CLANG_WARN_COMMA = YES;
				CLANG_WARN_CONSTANT_CONVERSION = YES;
				CLANG_WARN_DEPRECATED_OBJC_IMPLEMENTATIONS = YES;
				CLANG_WARN_DIRECT_OBJC_ISA_USAGE = YES_ERROR;
				CLANG_WARN_DOCUMENTATION_COMMENTS = YES;
				CLANG_WARN_EMPTY_BODY = YES;
				CLANG_WARN_ENUM_CONVERSION = YES;
				CLANG_WARN_INFINITE_RECURSION = YES;
				CLANG_WARN_INT_CONVERSION = YES;
				CLANG_WARN_NON_LITERAL_NULL_CONVERSION = YES;
				CLANG_WARN_OBJC_IMPLICIT_RETAIN_SELF = YES;
				CLANG_WARN_OBJC_LITERAL_CONVERSION = YES;
				CLANG_WARN_OBJC_ROOT_CLASS = YES_ERROR;
				CLANG_WARN_QUOTED_INCLUDE_IN_FRAMEWORK_HEADER = YES;
				CLANG_WARN_RANGE_LOOP_ANALYSIS = YES;
				CLANG_WARN_STRICT_PROTOTYPES = YES;
				CLANG_WARN_SUSPICIOUS_MOVE = YES;
				CLANG_WARN_UNGUARDED_AVAILABILITY = YES_AGGRESSIVE;
				CLANG_WARN_UNREACHABLE_CODE = YES;
				CLANG_WARN__DUPLICATE_METHOD_MATCH = YES;
				COPY_PHASE_STRIP = NO;
				DEBUG_INFORMATION_FORMAT = dwarf;
				ENABLE_STRICT_OBJC_MSGSEND = YES;
				ENABLE_TESTABILITY = YES;
				GCC_C_LANGUAGE_STANDARD = gnu11;
				GCC_DYNAMIC_NO_PIC = NO;
				GCC_NO_COMMON_BLOCKS = YES;
				GCC_OPTIMIZATION_LEVEL = 0;
				GCC_PREPROCESSOR_DEFINITIONS = (
					"DEBUG=1",
					"$(inherited)",
				);
				GCC_WARN_64_TO_32_BIT_CONVERSION = YES;
				GCC_WARN_ABOUT_RETURN_TYPE = YES_ERROR;
				GCC_WARN_UNDECLARED_SELECTOR = YES;
				GCC_WARN_UNINITIALIZED_AUTOS = YES_AGGRESSIVE;
				GCC_WARN_UNUSED_FUNCTION = YES;
				GCC_WARN_UNUSED_VARIABLE = YES;
				IPHONEOS_DEPLOYMENT_TARGET = 15.4;
				MTL_ENABLE_DEBUG_INFO = INCLUDE_SOURCE;
				MTL_FAST_MATH = YES;
				ONLY_ACTIVE_ARCH = YES;
				SDKROOT = iphoneos;
				SWIFT_ACTIVE_COMPILATION_CONDITIONS = DEBUG;
				SWIFT_OPTIMIZATION_LEVEL = "-Onone";
			};
			name = Debug;
		};
		E89AF39A299774ED00508DC2 /* Release */ = {
			isa = XCBuildConfiguration;
			buildSettings = {
				ALWAYS_SEARCH_USER_PATHS = NO;
				CLANG_ANALYZER_NONNULL = YES;
				CLANG_ANALYZER_NUMBER_OBJECT_CONVERSION = YES_AGGRESSIVE;
				CLANG_CXX_LANGUAGE_STANDARD = "gnu++17";
				CLANG_ENABLE_MODULES = YES;
				CLANG_ENABLE_OBJC_ARC = YES;
				CLANG_ENABLE_OBJC_WEAK = YES;
				CLANG_WARN_BLOCK_CAPTURE_AUTORELEASING = YES;
				CLANG_WARN_BOOL_CONVERSION = YES;
				CLANG_WARN_COMMA = YES;
				CLANG_WARN_CONSTANT_CONVERSION = YES;
				CLANG_WARN_DEPRECATED_OBJC_IMPLEMENTATIONS = YES;
				CLANG_WARN_DIRECT_OBJC_ISA_USAGE = YES_ERROR;
				CLANG_WARN_DOCUMENTATION_COMMENTS = YES;
				CLANG_WARN_EMPTY_BODY = YES;
				CLANG_WARN_ENUM_CONVERSION = YES;
				CLANG_WARN_INFINITE_RECURSION = YES;
				CLANG_WARN_INT_CONVERSION = YES;
				CLANG_WARN_NON_LITERAL_NULL_CONVERSION = YES;
				CLANG_WARN_OBJC_IMPLICIT_RETAIN_SELF = YES;
				CLANG_WARN_OBJC_LITERAL_CONVERSION = YES;
				CLANG_WARN_OBJC_ROOT_CLASS = YES_ERROR;
				CLANG_WARN_QUOTED_INCLUDE_IN_FRAMEWORK_HEADER = YES;
				CLANG_WARN_RANGE_LOOP_ANALYSIS = YES;
				CLANG_WARN_STRICT_PROTOTYPES = YES;
				CLANG_WARN_SUSPICIOUS_MOVE = YES;
				CLANG_WARN_UNGUARDED_AVAILABILITY = YES_AGGRESSIVE;
				CLANG_WARN_UNREACHABLE_CODE = YES;
				CLANG_WARN__DUPLICATE_METHOD_MATCH = YES;
				COPY_PHASE_STRIP = NO;
				DEBUG_INFORMATION_FORMAT = "dwarf-with-dsym";
				ENABLE_NS_ASSERTIONS = NO;
				ENABLE_STRICT_OBJC_MSGSEND = YES;
				GCC_C_LANGUAGE_STANDARD = gnu11;
				GCC_NO_COMMON_BLOCKS = YES;
				GCC_WARN_64_TO_32_BIT_CONVERSION = YES;
				GCC_WARN_ABOUT_RETURN_TYPE = YES_ERROR;
				GCC_WARN_UNDECLARED_SELECTOR = YES;
				GCC_WARN_UNINITIALIZED_AUTOS = YES_AGGRESSIVE;
				GCC_WARN_UNUSED_FUNCTION = YES;
				GCC_WARN_UNUSED_VARIABLE = YES;
				IPHONEOS_DEPLOYMENT_TARGET = 15.4;
				MTL_ENABLE_DEBUG_INFO = NO;
				MTL_FAST_MATH = YES;
				SDKROOT = iphoneos;
				SWIFT_COMPILATION_MODE = wholemodule;
				SWIFT_OPTIMIZATION_LEVEL = "-O";
				VALIDATE_PRODUCT = YES;
			};
			name = Release;
		};
		E89AF39C299774ED00508DC2 /* Debug */ = {
			isa = XCBuildConfiguration;
			buildSettings = {
				ASSETCATALOG_COMPILER_APPICON_NAME = AppIcon;
				ASSETCATALOG_COMPILER_GLOBAL_ACCENT_COLOR_NAME = AccentColor;
				CODE_SIGN_STYLE = Automatic;
				CURRENT_PROJECT_VERSION = 1;
				GENERATE_INFOPLIST_FILE = YES;
				INFOPLIST_FILE = Game/Application/Info.plist;
				INFOPLIST_KEY_UIApplicationSupportsIndirectInputEvents = YES;
				INFOPLIST_KEY_UILaunchStoryboardName = LaunchScreen;
				INFOPLIST_KEY_UISupportedInterfaceOrientations_iPad = "UIInterfaceOrientationPortrait UIInterfaceOrientationPortraitUpsideDown UIInterfaceOrientationLandscapeLeft UIInterfaceOrientationLandscapeRight";
				INFOPLIST_KEY_UISupportedInterfaceOrientations_iPhone = "UIInterfaceOrientationPortrait UIInterfaceOrientationLandscapeLeft UIInterfaceOrientationLandscapeRight";
				LD_RUNPATH_SEARCH_PATHS = (
					"$(inherited)",
					"@executable_path/Frameworks",
				);
				MARKETING_VERSION = 1.0;
				PRODUCT_BUNDLE_IDENTIFIER = AntonZyabkin.Game;
				PRODUCT_NAME = "$(TARGET_NAME)";
				SWIFT_EMIT_LOC_STRINGS = YES;
				SWIFT_VERSION = 5.0;
				TARGETED_DEVICE_FAMILY = 1;
			};
			name = Debug;
		};
		E89AF39D299774ED00508DC2 /* Release */ = {
			isa = XCBuildConfiguration;
			buildSettings = {
				ASSETCATALOG_COMPILER_APPICON_NAME = AppIcon;
				ASSETCATALOG_COMPILER_GLOBAL_ACCENT_COLOR_NAME = AccentColor;
				CODE_SIGN_STYLE = Automatic;
				CURRENT_PROJECT_VERSION = 1;
				GENERATE_INFOPLIST_FILE = YES;
				INFOPLIST_FILE = Game/Application/Info.plist;
				INFOPLIST_KEY_UIApplicationSupportsIndirectInputEvents = YES;
				INFOPLIST_KEY_UILaunchStoryboardName = LaunchScreen;
				INFOPLIST_KEY_UISupportedInterfaceOrientations_iPad = "UIInterfaceOrientationPortrait UIInterfaceOrientationPortraitUpsideDown UIInterfaceOrientationLandscapeLeft UIInterfaceOrientationLandscapeRight";
				INFOPLIST_KEY_UISupportedInterfaceOrientations_iPhone = "UIInterfaceOrientationPortrait UIInterfaceOrientationLandscapeLeft UIInterfaceOrientationLandscapeRight";
				LD_RUNPATH_SEARCH_PATHS = (
					"$(inherited)",
					"@executable_path/Frameworks",
				);
				MARKETING_VERSION = 1.0;
				PRODUCT_BUNDLE_IDENTIFIER = AntonZyabkin.Game;
				PRODUCT_NAME = "$(TARGET_NAME)";
				SWIFT_EMIT_LOC_STRINGS = YES;
				SWIFT_VERSION = 5.0;
				TARGETED_DEVICE_FAMILY = 1;
			};
			name = Release;
		};
/* End XCBuildConfiguration section */

/* Begin XCConfigurationList section */
		E89AF382299774EB00508DC2 /* Build configuration list for PBXProject "Game" */ = {
			isa = XCConfigurationList;
			buildConfigurations = (
				E89AF399299774ED00508DC2 /* Debug */,
				E89AF39A299774ED00508DC2 /* Release */,
			);
			defaultConfigurationIsVisible = 0;
			defaultConfigurationName = Release;
		};
		E89AF39B299774ED00508DC2 /* Build configuration list for PBXNativeTarget "Game" */ = {
			isa = XCConfigurationList;
			buildConfigurations = (
				E89AF39C299774ED00508DC2 /* Debug */,
				E89AF39D299774ED00508DC2 /* Release */,
			);
			defaultConfigurationIsVisible = 0;
			defaultConfigurationName = Release;
		};
/* End XCConfigurationList section */
	};
	rootObject = E89AF37F299774EB00508DC2 /* Project object */;
}
